
Microsoft Visual Studio Solution File, Format Version 12.00
# Visual Studio 15
VisualStudioVersion = 15.0.27428.1
MinimumVisualStudioVersion = 10.0.40219.1
Project("{FAE04EC0-301F-11D3-BF4B-00C04F79EFBC}") = "Web", "WebApplication1\Web.csproj", "{94DEA05A-060E-4CBA-B197-DB7B76D52624}"
EndProject
Project("{FAE04EC0-301F-11D3-BF4B-00C04F79EFBC}") = "Core", "ClassLibrary1\Core.csproj", "{9235F3CE-981C-4B89-9F5A-756F61846B53}"
EndProject
Project("{FAE04EC0-301F-11D3-BF4B-00C04F79EFBC}") = "Infastructre", "Infastructre\Infastructre.csproj", "{7DD8B1D3-2487-4FAB-90DF-11C2B96E60D1}"
EndProject
Global
	GlobalSection(SolutionConfigurationPlatforms) = preSolution
		Debug|Any CPU = Debug|Any CPU
		Release|Any CPU = Release|Any CPU
	EndGlobalSection
	GlobalSection(ProjectConfigurationPlatforms) = postSolution
		{94DEA05A-060E-4CBA-B197-DB7B76D52624}.Debug|Any CPU.ActiveCfg = Debug|Any CPU
		{94DEA05A-060E-4CBA-B197-DB7B76D52624}.Debug|Any CPU.Build.0 = Debug|Any CPU
		{94DEA05A-060E-4CBA-B197-DB7B76D52624}.Release|Any CPU.ActiveCfg = Release|Any CPU
		{94DEA05A-060E-4CBA-B197-DB7B76D52624}.Release|Any CPU.Build.0 = Release|Any CPU
		{9235F3CE-981C-4B89-9F5A-756F61846B53}.Debug|Any CPU.ActiveCfg = Debug|Any CPU
		{9235F3CE-981C-4B89-9F5A-756F61846B53}.Debug|Any CPU.Build.0 = Debug|Any CPU
		{9235F3CE-981C-4B89-9F5A-756F61846B53}.Release|Any CPU.ActiveCfg = Release|Any CPU
		{9235F3CE-981C-4B89-9F5A-756F61846B53}.Release|Any CPU.Build.0 = Release|Any CPU
		{7DD8B1D3-2487-4FAB-90DF-11C2B96E60D1}.Debug|Any CPU.ActiveCfg = Debug|Any CPU
		{7DD8B1D3-2487-4FAB-90DF-11C2B96E60D1}.Debug|Any CPU.Build.0 = Debug|Any CPU
		{7DD8B1D3-2487-4FAB-90DF-11C2B96E60D1}.Release|Any CPU.ActiveCfg = Release|Any CPU
		{7DD8B1D3-2487-4FAB-90DF-11C2B96E60D1}.Release|Any CPU.Build.0 = Release|Any CPU
	EndGlobalSection
	GlobalSection(SolutionProperties) = preSolution
		HideSolutionNode = FALSE
	EndGlobalSection
	GlobalSection(ExtensibilityGlobals) = postSolution
		SolutionGuid = {955BC996-73B4-49D3-BC21-6405EA00B9BB}
	EndGlobalSection
EndGlobal
